
Microsoft Visual Studio Solution File, Format Version 12.00
# Visual Studio Version 16
VisualStudioVersion = 16.0.30523.141
MinimumVisualStudioVersion = 10.0.40219.1
Project("{FAE04EC0-301F-11D3-BF4B-00C04F79EFBC}") = "SBF_coordinates", "SBF_coordinates\SBF_coordinates.csproj", "{6AD39BB3-5380-424B-AB83-A68F8DC45FAA}"
EndProject
Global
	GlobalSection(SolutionConfigurationPlatforms) = preSolution
		Debug|Any CPU = Debug|Any CPU
		Release|Any CPU = Release|Any CPU
	EndGlobalSection
	GlobalSection(ProjectConfigurationPlatforms) = postSolution
		{6AD39BB3-5380-424B-AB83-A68F8DC45FAA}.Debug|Any CPU.ActiveCfg = Debug|Any CPU
		{6AD39BB3-5380-424B-AB83-A68F8DC45FAA}.Debug|Any CPU.Build.0 = Debug|Any CPU
		{6AD39BB3-5380-424B-AB83-A68F8DC45FAA}.Release|Any CPU.ActiveCfg = Release|Any CPU
		{6AD39BB3-5380-424B-AB83-A68F8DC45FAA}.Release|Any CPU.Build.0 = Release|Any CPU
	EndGlobalSection
	GlobalSection(SolutionProperties) = preSolution
		HideSolutionNode = FALSE
	EndGlobalSection
	GlobalSection(ExtensibilityGlobals) = postSolution
		SolutionGuid = {FE60DE9B-81E7-43D3-80C8-1A2BDF5F5790}
	EndGlobalSection
EndGlobal
